{
  "name": "react",
  "version": "1.0.0",
  "lockfileVersion": 2,
  "requires": true,
  "packages": {
    "": {
      "name": "react",
      "version": "1.0.0",
      "license": "ISC",
      "dependencies": {
        "xxx": "^0.0.1"
      }
    },
    "node_modules/xxx": {
      "version": "0.0.1",
      "resolved": "https://registry.npmjs.org/xxx/-/xxx-0.0.1.tgz",
      "integrity": "sha1-nYuKVdureQHnLCF0us0T6C+8E0A="
    }
  },
  "dependencies": {
    "xxx": {
      "version": "0.0.1",
      "resolved": "https://registry.npmjs.org/xxx/-/xxx-0.0.1.tgz",
      "integrity": "sha1-nYuKVdureQHnLCF0us0T6C+8E0A="
    }
  }
}
